
Microsoft Visual Studio Solution File, Format Version 12.00
# Visual Studio Version 16
VisualStudioVersion = 16.0.31105.61
MinimumVisualStudioVersion = 10.0.40219.1
Project("{FAE04EC0-301F-11D3-BF4B-00C04F79EFBC}") = "supportDoctors", "supportDoctors\supportDoctors.csproj", "{ADD0278D-7CFD-4FD9-A737-88081FB4DCF5}"
EndProject
Global
	GlobalSection(SolutionConfigurationPlatforms) = preSolution
		Debug|Any CPU = Debug|Any CPU
		Release|Any CPU = Release|Any CPU
	EndGlobalSection
	GlobalSection(ProjectConfigurationPlatforms) = postSolution
		{ADD0278D-7CFD-4FD9-A737-88081FB4DCF5}.Debug|Any CPU.ActiveCfg = Debug|Any CPU
		{ADD0278D-7CFD-4FD9-A737-88081FB4DCF5}.Debug|Any CPU.Build.0 = Debug|Any CPU
		{ADD0278D-7CFD-4FD9-A737-88081FB4DCF5}.Release|Any CPU.ActiveCfg = Release|Any CPU
		{ADD0278D-7CFD-4FD9-A737-88081FB4DCF5}.Release|Any CPU.Build.0 = Release|Any CPU
	EndGlobalSection
	GlobalSection(SolutionProperties) = preSolution
		HideSolutionNode = FALSE
	EndGlobalSection
	GlobalSection(ExtensibilityGlobals) = postSolution
		SolutionGuid = {1644A70C-13ED-45DF-B2E6-CF8CB4CC553A}
	EndGlobalSection
EndGlobal
